
Microsoft Visual Studio Solution File, Format Version 12.00
# Visual Studio Version 17
VisualStudioVersion = 17.14.36414.22 d17.14
MinimumVisualStudioVersion = 10.0.40219.1
Project("{FAE04EC0-301F-11D3-BF4B-00C04F79EFBC}") = "omikuji", "omikuji\omikuji.csproj", "{F3BEB91F-A30B-4DA0-B468-B61483242276}"
EndProject
Global
	GlobalSection(SolutionConfigurationPlatforms) = preSolution
		Debug|Any CPU = Debug|Any CPU
		Release|Any CPU = Release|Any CPU
	EndGlobalSection
	GlobalSection(ProjectConfigurationPlatforms) = postSolution
		{F3BEB91F-A30B-4DA0-B468-B61483242276}.Debug|Any CPU.ActiveCfg = Debug|Any CPU
		{F3BEB91F-A30B-4DA0-B468-B61483242276}.Debug|Any CPU.Build.0 = Debug|Any CPU
		{F3BEB91F-A30B-4DA0-B468-B61483242276}.Release|Any CPU.ActiveCfg = Release|Any CPU
		{F3BEB91F-A30B-4DA0-B468-B61483242276}.Release|Any CPU.Build.0 = Release|Any CPU
	EndGlobalSection
	GlobalSection(SolutionProperties) = preSolution
		HideSolutionNode = FALSE
	EndGlobalSection
	GlobalSection(ExtensibilityGlobals) = postSolution
		SolutionGuid = {53134833-4C91-4512-B7E4-2398147A4BC1}
	EndGlobalSection
EndGlobal
